
Microsoft Visual Studio Solution File, Format Version 12.00
# Visual Studio Version 17
VisualStudioVersion = 17.11.35303.130
MinimumVisualStudioVersion = 10.0.40219.1
Project("{9A19103F-16F7-4668-BE54-9A1E7A4F7556}") = "VehicleParkingSystem.API", "VehicleParkingSystem.API\VehicleParkingSystem.API.csproj", "{135FD05E-3078-484E-AE6E-A7AB9B80BE7A}"
EndProject
Project("{9A19103F-16F7-4668-BE54-9A1E7A4F7556}") = "VehicleParkingSystem.Business", "VehicleParkingSystem.Business\VehicleParkingSystem.Business.csproj", "{A9F0B42E-955B-4F9B-BE13-767F5318A923}"
EndProject
Project("{9A19103F-16F7-4668-BE54-9A1E7A4F7556}") = "VehicleParkingSystem.Models", "VehicleParkingSystem.Entities\VehicleParkingSystem.Models.csproj", "{E4FB29E5-9ADA-4D0D-B62D-3C69543D76DB}"
EndProject
Project("{9A19103F-16F7-4668-BE54-9A1E7A4F7556}") = "VehicleParkingSystem.Data", "VehicleParkingSystem.Data\VehicleParkingSystem.Data.csproj", "{63F74CBB-8C4B-4F8B-BA93-37C49770EABB}"
EndProject
Project("{FAE04EC0-301F-11D3-BF4B-00C04F79EFBC}") = "VehicleParkingSystem.UnitTest", "VehicleParkingSystem.UnitTest\VehicleParkingSystem.UnitTest.csproj", "{9F117B48-4508-4002-9619-8B80DC6878FD}"
EndProject
Global
	GlobalSection(SolutionConfigurationPlatforms) = preSolution
		Debug|Any CPU = Debug|Any CPU
		Release|Any CPU = Release|Any CPU
	EndGlobalSection
	GlobalSection(ProjectConfigurationPlatforms) = postSolution
		{135FD05E-3078-484E-AE6E-A7AB9B80BE7A}.Debug|Any CPU.ActiveCfg = Debug|Any CPU
		{135FD05E-3078-484E-AE6E-A7AB9B80BE7A}.Debug|Any CPU.Build.0 = Debug|Any CPU
		{135FD05E-3078-484E-AE6E-A7AB9B80BE7A}.Release|Any CPU.ActiveCfg = Release|Any CPU
		{135FD05E-3078-484E-AE6E-A7AB9B80BE7A}.Release|Any CPU.Build.0 = Release|Any CPU
		{A9F0B42E-955B-4F9B-BE13-767F5318A923}.Debug|Any CPU.ActiveCfg = Debug|Any CPU
		{A9F0B42E-955B-4F9B-BE13-767F5318A923}.Debug|Any CPU.Build.0 = Debug|Any CPU
		{A9F0B42E-955B-4F9B-BE13-767F5318A923}.Release|Any CPU.ActiveCfg = Release|Any CPU
		{A9F0B42E-955B-4F9B-BE13-767F5318A923}.Release|Any CPU.Build.0 = Release|Any CPU
		{E4FB29E5-9ADA-4D0D-B62D-3C69543D76DB}.Debug|Any CPU.ActiveCfg = Debug|Any CPU
		{E4FB29E5-9ADA-4D0D-B62D-3C69543D76DB}.Debug|Any CPU.Build.0 = Debug|Any CPU
		{E4FB29E5-9ADA-4D0D-B62D-3C69543D76DB}.Release|Any CPU.ActiveCfg = Release|Any CPU
		{E4FB29E5-9ADA-4D0D-B62D-3C69543D76DB}.Release|Any CPU.Build.0 = Release|Any CPU
		{63F74CBB-8C4B-4F8B-BA93-37C49770EABB}.Debug|Any CPU.ActiveCfg = Debug|Any CPU
		{63F74CBB-8C4B-4F8B-BA93-37C49770EABB}.Debug|Any CPU.Build.0 = Debug|Any CPU
		{63F74CBB-8C4B-4F8B-BA93-37C49770EABB}.Release|Any CPU.ActiveCfg = Release|Any CPU
		{63F74CBB-8C4B-4F8B-BA93-37C49770EABB}.Release|Any CPU.Build.0 = Release|Any CPU
		{9F117B48-4508-4002-9619-8B80DC6878FD}.Debug|Any CPU.ActiveCfg = Debug|Any CPU
		{9F117B48-4508-4002-9619-8B80DC6878FD}.Debug|Any CPU.Build.0 = Debug|Any CPU
		{9F117B48-4508-4002-9619-8B80DC6878FD}.Release|Any CPU.ActiveCfg = Release|Any CPU
		{9F117B48-4508-4002-9619-8B80DC6878FD}.Release|Any CPU.Build.0 = Release|Any CPU
	EndGlobalSection
	GlobalSection(SolutionProperties) = preSolution
		HideSolutionNode = FALSE
	EndGlobalSection
	GlobalSection(ExtensibilityGlobals) = postSolution
		SolutionGuid = {F2BDE3E0-33C5-496C-8DB4-EC64362972BC}
	EndGlobalSection
EndGlobal
